
Microsoft Visual Studio Solution File, Format Version 12.00
# Visual Studio Version 17
VisualStudioVersion = 17.1.32319.34
MinimumVisualStudioVersion = 10.0.40219.1
Project("{FAE04EC0-301F-11D3-BF4B-00C04F79EFBC}") = "Math2D", "Math2D\Math2D.csproj", "{43F84E3D-091F-4F50-9A67-D18920866991}"
EndProject
Project("{FAE04EC0-301F-11D3-BF4B-00C04F79EFBC}") = "Math2D.Tests", "Math2D.Tests\Math2D.Tests.csproj", "{6290E11F-AC65-4346-88D0-68A702F245BA}"
EndProject
Global
	GlobalSection(SolutionConfigurationPlatforms) = preSolution
		Debug|Any CPU = Debug|Any CPU
		Release|Any CPU = Release|Any CPU
	EndGlobalSection
	GlobalSection(ProjectConfigurationPlatforms) = postSolution
		{43F84E3D-091F-4F50-9A67-D18920866991}.Debug|Any CPU.ActiveCfg = Debug|Any CPU
		{43F84E3D-091F-4F50-9A67-D18920866991}.Debug|Any CPU.Build.0 = Debug|Any CPU
		{43F84E3D-091F-4F50-9A67-D18920866991}.Release|Any CPU.ActiveCfg = Release|Any CPU
		{43F84E3D-091F-4F50-9A67-D18920866991}.Release|Any CPU.Build.0 = Release|Any CPU
		{6290E11F-AC65-4346-88D0-68A702F245BA}.Debug|Any CPU.ActiveCfg = Debug|Any CPU
		{6290E11F-AC65-4346-88D0-68A702F245BA}.Debug|Any CPU.Build.0 = Debug|Any CPU
		{6290E11F-AC65-4346-88D0-68A702F245BA}.Release|Any CPU.ActiveCfg = Release|Any CPU
		{6290E11F-AC65-4346-88D0-68A702F245BA}.Release|Any CPU.Build.0 = Release|Any CPU
	EndGlobalSection
	GlobalSection(SolutionProperties) = preSolution
		HideSolutionNode = FALSE
	EndGlobalSection
	GlobalSection(ExtensibilityGlobals) = postSolution
		SolutionGuid = {8641F91D-1B11-4F98-A360-954F90AD783F}
	EndGlobalSection
EndGlobal
